
Microsoft Visual Studio Solution File, Format Version 12.00
# Visual Studio Version 17
VisualStudioVersion = 17.3.32611.2
MinimumVisualStudioVersion = 10.0.40219.1
Project("{FAE04EC0-301F-11D3-BF4B-00C04F79EFBC}") = "Proyecto_Final_copia", "Proyecto_Final\Proyecto_Final_copia.csproj", "{313AB4FB-2D5F-47B3-B6A7-3BE8990F7E60}"
EndProject
Global
	GlobalSection(SolutionConfigurationPlatforms) = preSolution
		Debug|Any CPU = Debug|Any CPU
		Release|Any CPU = Release|Any CPU
	EndGlobalSection
	GlobalSection(ProjectConfigurationPlatforms) = postSolution
		{313AB4FB-2D5F-47B3-B6A7-3BE8990F7E60}.Debug|Any CPU.ActiveCfg = Debug|Any CPU
		{313AB4FB-2D5F-47B3-B6A7-3BE8990F7E60}.Debug|Any CPU.Build.0 = Debug|Any CPU
		{313AB4FB-2D5F-47B3-B6A7-3BE8990F7E60}.Release|Any CPU.ActiveCfg = Release|Any CPU
		{313AB4FB-2D5F-47B3-B6A7-3BE8990F7E60}.Release|Any CPU.Build.0 = Release|Any CPU
	EndGlobalSection
	GlobalSection(SolutionProperties) = preSolution
		HideSolutionNode = FALSE
	EndGlobalSection
	GlobalSection(ExtensibilityGlobals) = postSolution
		SolutionGuid = {39E578DB-A870-47DE-AE55-F70B31260933}
	EndGlobalSection
EndGlobal
